// !$*UTF8*$!
{
	archiveVersion = 1;
	classes = {
	};
	objectVersion = 55;
	objects = {

/* Begin PBXBuildFile section */
		4C20EDEE28F6979C00D2485D /* CircularProgressView.swift in Sources */ = {isa = PBXBuildFile; fileRef = 4C20EDED28F6979C00D2485D /* CircularProgressView.swift */; };
		4C20EDF128F6A05100D2485D /* UIView+Ext.swift in Sources */ = {isa = PBXBuildFile; fileRef = 4C20EDF028F6A05100D2485D /* UIView+Ext.swift */; };
		4C20EDF328F6B32100D2485D /* AddSpentViewController.swift in Sources */ = {isa = PBXBuildFile; fileRef = 4C20EDF228F6B32100D2485D /* AddSpentViewController.swift */; };
		4C20EDF528F6B4E100D2485D /* SetLimitViewController.swift in Sources */ = {isa = PBXBuildFile; fileRef = 4C20EDF428F6B4E100D2485D /* SetLimitViewController.swift */; };
		4C20EDFA28F6BDF500D2485D /* UserDefaultsManager.swift in Sources */ = {isa = PBXBuildFile; fileRef = 4C20EDF928F6BDF500D2485D /* UserDefaultsManager.swift */; };
		4C20EDFD28F6BF9200D2485D /* AppContainer.swift in Sources */ = {isa = PBXBuildFile; fileRef = 4C20EDFC28F6BF9200D2485D /* AppContainer.swift */; };
		4C20EDFF28F6DF3D00D2485D /* UITextfield+Ext.swift in Sources */ = {isa = PBXBuildFile; fileRef = 4C20EDFE28F6DF3D00D2485D /* UITextfield+Ext.swift */; };
		4C2424EF28EDFD4D00A07930 /* AppDelegate.swift in Sources */ = {isa = PBXBuildFile; fileRef = 4C2424EE28EDFD4D00A07930 /* AppDelegate.swift */; };
		4C2424F128EDFD4D00A07930 /* SceneDelegate.swift in Sources */ = {isa = PBXBuildFile; fileRef = 4C2424F028EDFD4D00A07930 /* SceneDelegate.swift */; };
		4C2424F328EDFD4D00A07930 /* ViewController.swift in Sources */ = {isa = PBXBuildFile; fileRef = 4C2424F228EDFD4D00A07930 /* ViewController.swift */; };
		4C2424F628EDFD4E00A07930 /* Main.storyboard in Resources */ = {isa = PBXBuildFile; fileRef = 4C2424F428EDFD4E00A07930 /* Main.storyboard */; };
		4C2424F828EDFD4E00A07930 /* Assets.xcassets in Resources */ = {isa = PBXBuildFile; fileRef = 4C2424F728EDFD4E00A07930 /* Assets.xcassets */; };
		4C2424FB28EDFD4E00A07930 /* LaunchScreen.storyboard in Resources */ = {isa = PBXBuildFile; fileRef = 4C2424F928EDFD4E00A07930 /* LaunchScreen.storyboard */; };
		4CF43E2828F6F34D00F99E19 /* SpentDetailCell.swift in Sources */ = {isa = PBXBuildFile; fileRef = 4CF43E2728F6F34D00F99E19 /* SpentDetailCell.swift */; };
		8A0057EC1D7D03F6C14169B0 /* Pods_BudgetApp.framework in Frameworks */ = {isa = PBXBuildFile; fileRef = 34CB504FD191D62B107BB3FB /* Pods_BudgetApp.framework */; };
/* End PBXBuildFile section */

/* Begin PBXFileReference section */
		34CB504FD191D62B107BB3FB /* Pods_BudgetApp.framework */ = {isa = PBXFileReference; explicitFileType = wrapper.framework; includeInIndex = 0; path = Pods_BudgetApp.framework; sourceTree = BUILT_PRODUCTS_DIR; };
		42F2E66DD6A0D583A78BF5CF /* Pods-BudgetApp.release.xcconfig */ = {isa = PBXFileReference; includeInIndex = 1; lastKnownFileType = text.xcconfig; name = "Pods-BudgetApp.release.xcconfig"; path = "Target Support Files/Pods-BudgetApp/Pods-BudgetApp.release.xcconfig"; sourceTree = "<group>"; };
		4C20EDED28F6979C00D2485D /* CircularProgressView.swift */ = {isa = PBXFileReference; lastKnownFileType = sourcecode.swift; path = CircularProgressView.swift; sourceTree = "<group>"; };
		4C20EDF028F6A05100D2485D /* UIView+Ext.swift */ = {isa = PBXFileReference; lastKnownFileType = sourcecode.swift; path = "UIView+Ext.swift"; sourceTree = "<group>"; };
		4C20EDF228F6B32100D2485D /* AddSpentViewController.swift */ = {isa = PBXFileReference; lastKnownFileType = sourcecode.swift; path = AddSpentViewController.swift; sourceTree = "<group>"; };
		4C20EDF428F6B4E100D2485D /* SetLimitViewController.swift */ = {isa = PBXFileReference; lastKnownFileType = sourcecode.swift; path = SetLimitViewController.swift; sourceTree = "<group>"; };
		4C20EDF928F6BDF500D2485D /* UserDefaultsManager.swift */ = {isa = PBXFileReference; lastKnownFileType = sourcecode.swift; path = UserDefaultsManager.swift; sourceTree = "<group>"; };
		4C20EDFC28F6BF9200D2485D /* AppContainer.swift */ = {isa = PBXFileReference; lastKnownFileType = sourcecode.swift; path = AppContainer.swift; sourceTree = "<group>"; };
		4C20EDFE28F6DF3D00D2485D /* UITextfield+Ext.swift */ = {isa = PBXFileReference; lastKnownFileType = sourcecode.swift; path = "UITextfield+Ext.swift"; sourceTree = "<group>"; };
		4C2424EB28EDFD4D00A07930 /* BudgetApp.app */ = {isa = PBXFileReference; explicitFileType = wrapper.application; includeInIndex = 0; path = BudgetApp.app; sourceTree = BUILT_PRODUCTS_DIR; };
		4C2424EE28EDFD4D00A07930 /* AppDelegate.swift */ = {isa = PBXFileReference; lastKnownFileType = sourcecode.swift; path = AppDelegate.swift; sourceTree = "<group>"; };
		4C2424F028EDFD4D00A07930 /* SceneDelegate.swift */ = {isa = PBXFileReference; lastKnownFileType = sourcecode.swift; path = SceneDelegate.swift; sourceTree = "<group>"; };
		4C2424F228EDFD4D00A07930 /* ViewController.swift */ = {isa = PBXFileReference; lastKnownFileType = sourcecode.swift; path = ViewController.swift; sourceTree = "<group>"; };
		4C2424F528EDFD4E00A07930 /* Base */ = {isa = PBXFileReference; lastKnownFileType = file.storyboard; name = Base; path = Base.lproj/Main.storyboard; sourceTree = "<group>"; };
		4C2424F728EDFD4E00A07930 /* Assets.xcassets */ = {isa = PBXFileReference; lastKnownFileType = folder.assetcatalog; path = Assets.xcassets; sourceTree = "<group>"; };
		4C2424FA28EDFD4E00A07930 /* Base */ = {isa = PBXFileReference; lastKnownFileType = file.storyboard; name = Base; path = Base.lproj/LaunchScreen.storyboard; sourceTree = "<group>"; };
		4C2424FC28EDFD4E00A07930 /* Info.plist */ = {isa = PBXFileReference; lastKnownFileType = text.plist.xml; path = Info.plist; sourceTree = "<group>"; };
		4CF43E2728F6F34D00F99E19 /* SpentDetailCell.swift */ = {isa = PBXFileReference; lastKnownFileType = sourcecode.swift; path = SpentDetailCell.swift; sourceTree = "<group>"; };
		85AA84BE567AED418D63C2F1 /* Pods-BudgetApp.debug.xcconfig */ = {isa = PBXFileReference; includeInIndex = 1; lastKnownFileType = text.xcconfig; name = "Pods-BudgetApp.debug.xcconfig"; path = "Target Support Files/Pods-BudgetApp/Pods-BudgetApp.debug.xcconfig"; sourceTree = "<group>"; };
/* End PBXFileReference section */

/* Begin PBXFrameworksBuildPhase section */
		4C2424E828EDFD4D00A07930 /* Frameworks */ = {
			isa = PBXFrameworksBuildPhase;
			buildActionMask = 2147483647;
			files = (
				8A0057EC1D7D03F6C14169B0 /* Pods_BudgetApp.framework in Frameworks */,
			);
			runOnlyForDeploymentPostprocessing = 0;
		};
/* End PBXFrameworksBuildPhase section */

/* Begin PBXGroup section */
		4C20EDEF28F6A03F00D2485D /* Extensions */ = {
			isa = PBXGroup;
			children = (
				4C20EDF028F6A05100D2485D /* UIView+Ext.swift */,
				4C20EDFE28F6DF3D00D2485D /* UITextfield+Ext.swift */,
			);
			path = Extensions;
			sourceTree = "<group>";
		};
		4C20EDF828F6BDE000D2485D /* Utils */ = {
			isa = PBXGroup;
			children = (
				4C20EDF928F6BDF500D2485D /* UserDefaultsManager.swift */,
				4C20EDED28F6979C00D2485D /* CircularProgressView.swift */,
			);
			path = Utils;
			sourceTree = "<group>";
		};
		4C2424E228EDFD4D00A07930 = {
			isa = PBXGroup;
			children = (
				4C2424ED28EDFD4D00A07930 /* BudgetApp */,
				4C2424EC28EDFD4D00A07930 /* Products */,
				C6EAB7CF838B477AC27BFB62 /* Pods */,
				F8C1499C68C33DD3FB80A3DB /* Frameworks */,
			);
			sourceTree = "<group>";
		};
		4C2424EC28EDFD4D00A07930 /* Products */ = {
			isa = PBXGroup;
			children = (
				4C2424EB28EDFD4D00A07930 /* BudgetApp.app */,
			);
			name = Products;
			sourceTree = "<group>";
		};
		4C2424ED28EDFD4D00A07930 /* BudgetApp */ = {
			isa = PBXGroup;
			children = (
				4CF43E2928F6FCBA00F99E19 /* App */,
				4C20EDF828F6BDE000D2485D /* Utils */,
				4C20EDEF28F6A03F00D2485D /* Extensions */,
				4C2424F228EDFD4D00A07930 /* ViewController.swift */,
				4CF43E2728F6F34D00F99E19 /* SpentDetailCell.swift */,
				4C20EDF228F6B32100D2485D /* AddSpentViewController.swift */,
				4C20EDF428F6B4E100D2485D /* SetLimitViewController.swift */,
				4C2424F428EDFD4E00A07930 /* Main.storyboard */,
				4C2424F728EDFD4E00A07930 /* Assets.xcassets */,
				4C2424F928EDFD4E00A07930 /* LaunchScreen.storyboard */,
				4C2424FC28EDFD4E00A07930 /* Info.plist */,
			);
			path = BudgetApp;
			sourceTree = "<group>";
		};
		4CF43E2928F6FCBA00F99E19 /* App */ = {
			isa = PBXGroup;
			children = (
				4C2424EE28EDFD4D00A07930 /* AppDelegate.swift */,
				4C2424F028EDFD4D00A07930 /* SceneDelegate.swift */,
				4C20EDFC28F6BF9200D2485D /* AppContainer.swift */,
			);
			path = App;
			sourceTree = "<group>";
		};
		C6EAB7CF838B477AC27BFB62 /* Pods */ = {
			isa = PBXGroup;
			children = (
				85AA84BE567AED418D63C2F1 /* Pods-BudgetApp.debug.xcconfig */,
				42F2E66DD6A0D583A78BF5CF /* Pods-BudgetApp.release.xcconfig */,
			);
			path = Pods;
			sourceTree = "<group>";
		};
		F8C1499C68C33DD3FB80A3DB /* Frameworks */ = {
			isa = PBXGroup;
			children = (
				34CB504FD191D62B107BB3FB /* Pods_BudgetApp.framework */,
			);
			name = Frameworks;
			sourceTree = "<group>";
		};
/* End PBXGroup section */

/* Begin PBXNativeTarget section */
		4C2424EA28EDFD4D00A07930 /* BudgetApp */ = {
			isa = PBXNativeTarget;
			buildConfigurationList = 4C2424FF28EDFD4E00A07930 /* Build configuration list for PBXNativeTarget "BudgetApp" */;
			buildPhases = (
				5DA9E0F297373D159E723A53 /* [CP] Check Pods Manifest.lock */,
				4C2424E728EDFD4D00A07930 /* Sources */,
				4C2424E828EDFD4D00A07930 /* Frameworks */,
				4C2424E928EDFD4D00A07930 /* Resources */,
				47D1A6D20C10D5D4A40D33C2 /* [CP] Embed Pods Frameworks */,
			);
			buildRules = (
			);
			dependencies = (
			);
			name = BudgetApp;
			productName = BudgetApp;
			productReference = 4C2424EB28EDFD4D00A07930 /* BudgetApp.app */;
			productType = "com.apple.product-type.application";
		};
/* End PBXNativeTarget section */

/* Begin PBXProject section */
		4C2424E328EDFD4D00A07930 /* Project object */ = {
			isa = PBXProject;
			attributes = {
				BuildIndependentTargetsInParallel = 1;
				LastSwiftUpdateCheck = 1330;
				LastUpgradeCheck = 1330;
				TargetAttributes = {
					4C2424EA28EDFD4D00A07930 = {
						CreatedOnToolsVersion = 13.3;
					};
				};
			};
			buildConfigurationList = 4C2424E628EDFD4D00A07930 /* Build configuration list for PBXProject "BudgetApp" */;
			compatibilityVersion = "Xcode 13.0";
			developmentRegion = en;
			hasScannedForEncodings = 0;
			knownRegions = (
				en,
				Base,
			);
			mainGroup = 4C2424E228EDFD4D00A07930;
			productRefGroup = 4C2424EC28EDFD4D00A07930 /* Products */;
			projectDirPath = "";
			projectRoot = "";
			targets = (
				4C2424EA28EDFD4D00A07930 /* BudgetApp */,
			);
		};
/* End PBXProject section */

/* Begin PBXResourcesBuildPhase section */
		4C2424E928EDFD4D00A07930 /* Resources */ = {
			isa = PBXResourcesBuildPhase;
			buildActionMask = 2147483647;
			files = (
				4C2424FB28EDFD4E00A07930 /* LaunchScreen.storyboard in Resources */,
				4C2424F828EDFD4E00A07930 /* Assets.xcassets in Resources */,
				4C2424F628EDFD4E00A07930 /* Main.storyboard in Resources */,
			);
			runOnlyForDeploymentPostprocessing = 0;
		};
/* End PBXResourcesBuildPhase section */

/* Begin PBXShellScriptBuildPhase section */
		47D1A6D20C10D5D4A40D33C2 /* [CP] Embed Pods Frameworks */ = {
			isa = PBXShellScriptBuildPhase;
			buildActionMask = 2147483647;
			files = (
			);
			inputFileListPaths = (
				"${PODS_ROOT}/Target Support Files/Pods-BudgetApp/Pods-BudgetApp-frameworks-${CONFIGURATION}-input-files.xcfilelist",
			);
			name = "[CP] Embed Pods Frameworks";
			outputFileListPaths = (
				"${PODS_ROOT}/Target Support Files/Pods-BudgetApp/Pods-BudgetApp-frameworks-${CONFIGURATION}-output-files.xcfilelist",
			);
			runOnlyForDeploymentPostprocessing = 0;
			shellPath = /bin/sh;
			shellScript = "\"${PODS_ROOT}/Target Support Files/Pods-BudgetApp/Pods-BudgetApp-frameworks.sh\"\n";
			showEnvVarsInLog = 0;
		};
		5DA9E0F297373D159E723A53 /* [CP] Check Pods Manifest.lock */ = {
			isa = PBXShellScriptBuildPhase;
			buildActionMask = 2147483647;
			files = (
			);
			inputFileListPaths = (
			);
			inputPaths = (
				"${PODS_PODFILE_DIR_PATH}/Podfile.lock",
				"${PODS_ROOT}/Manifest.lock",
			);
			name = "[CP] Check Pods Manifest.lock";
			outputFileListPaths = (
			);
			outputPaths = (
				"$(DERIVED_FILE_DIR)/Pods-BudgetApp-checkManifestLockResult.txt",
			);
			runOnlyForDeploymentPostprocessing = 0;
			shellPath = /bin/sh;
			shellScript = "diff \"${PODS_PODFILE_DIR_PATH}/Podfile.lock\" \"${PODS_ROOT}/Manifest.lock\" > /dev/null\nif [ $? != 0 ] ; then\n    # print error to STDERR\n    echo \"error: The sandbox is not in sync with the Podfile.lock. Run 'pod install' or update your CocoaPods installation.\" >&2\n    exit 1\nfi\n# This output is used by Xcode 'outputs' to avoid re-running this script phase.\necho \"SUCCESS\" > \"${SCRIPT_OUTPUT_FILE_0}\"\n";
			showEnvVarsInLog = 0;
		};
/* End PBXShellScriptBuildPhase section */

/* Begin PBXSourcesBuildPhase section */
		4C2424E728EDFD4D00A07930 /* Sources */ = {
			isa = PBXSourcesBuildPhase;
			buildActionMask = 2147483647;
			files = (
				4C2424F328EDFD4D00A07930 /* ViewController.swift in Sources */,
				4C20EDF528F6B4E100D2485D /* SetLimitViewController.swift in Sources */,
				4C20EDEE28F6979C00D2485D /* CircularProgressView.swift in Sources */,
				4C20EDF128F6A05100D2485D /* UIView+Ext.swift in Sources */,
				4C2424EF28EDFD4D00A07930 /* AppDelegate.swift in Sources */,
				4CF43E2828F6F34D00F99E19 /* SpentDetailCell.swift in Sources */,
				4C20EDFA28F6BDF500D2485D /* UserDefaultsManager.swift in Sources */,
				4C20EDFD28F6BF9200D2485D /* AppContainer.swift in Sources */,
				4C2424F128EDFD4D00A07930 /* SceneDelegate.swift in Sources */,
				4C20EDFF28F6DF3D00D2485D /* UITextfield+Ext.swift in Sources */,
				4C20EDF328F6B32100D2485D /* AddSpentViewController.swift in Sources */,
			);
			runOnlyForDeploymentPostprocessing = 0;
		};
/* End PBXSourcesBuildPhase section */

/* Begin PBXVariantGroup section */
		4C2424F428EDFD4E00A07930 /* Main.storyboard */ = {
			isa = PBXVariantGroup;
			children = (
				4C2424F528EDFD4E00A07930 /* Base */,
			);
			name = Main.storyboard;
			sourceTree = "<group>";
		};
		4C2424F928EDFD4E00A07930 /* LaunchScreen.storyboard */ = {
			isa = PBXVariantGroup;
			children = (
				4C2424FA28EDFD4E00A07930 /* Base */,
			);
			name = LaunchScreen.storyboard;
			sourceTree = "<group>";
		};
/* End PBXVariantGroup section */

/* Begin XCBuildConfiguration section */
		4C2424FD28EDFD4E00A07930 /* Debug */ = {
			isa = XCBuildConfiguration;
			buildSettings = {
				ALWAYS_SEARCH_USER_PATHS = NO;
				CLANG_ANALYZER_NONNULL = YES;
				CLANG_ANALYZER_NUMBER_OBJECT_CONVERSION = YES_AGGRESSIVE;
				CLANG_CXX_LANGUAGE_STANDARD = "gnu++17";
				CLANG_ENABLE_MODULES = YES;
				CLANG_ENABLE_OBJC_ARC = YES;
				CLANG_ENABLE_OBJC_WEAK = YES;
				CLANG_WARN_BLOCK_CAPTURE_AUTORELEASING = YES;
				CLANG_WARN_BOOL_CONVERSION = YES;
				CLANG_WARN_COMMA = YES;
				CLANG_WARN_CONSTANT_CONVERSION = YES;
				CLANG_WARN_DEPRECATED_OBJC_IMPLEMENTATIONS = YES;
				CLANG_WARN_DIRECT_OBJC_ISA_USAGE = YES_ERROR;
				CLANG_WARN_DOCUMENTATION_COMMENTS = YES;
				CLANG_WARN_EMPTY_BODY = YES;
				CLANG_WARN_ENUM_CONVERSION = YES;
				CLANG_WARN_INFINITE_RECURSION = YES;
				CLANG_WARN_INT_CONVERSION = YES;
				CLANG_WARN_NON_LITERAL_NULL_CONVERSION = YES;
				CLANG_WARN_OBJC_IMPLICIT_RETAIN_SELF = YES;
				CLANG_WARN_OBJC_LITERAL_CONVERSION = YES;
				CLANG_WARN_OBJC_ROOT_CLASS = YES_ERROR;
				CLANG_WARN_QUOTED_INCLUDE_IN_FRAMEWORK_HEADER = YES;
				CLANG_WARN_RANGE_LOOP_ANALYSIS = YES;
				CLANG_WARN_STRICT_PROTOTYPES = YES;
				CLANG_WARN_SUSPICIOUS_MOVE = YES;
				CLANG_WARN_UNGUARDED_AVAILABILITY = YES_AGGRESSIVE;
				CLANG_WARN_UNREACHABLE_CODE = YES;
				CLANG_WARN__DUPLICATE_METHOD_MATCH = YES;
				COPY_PHASE_STRIP = NO;
				DEBUG_INFORMATION_FORMAT = dwarf;
				ENABLE_STRICT_OBJC_MSGSEND = YES;
				ENABLE_TESTABILITY = YES;
				GCC_C_LANGUAGE_STANDARD = gnu11;
				GCC_DYNAMIC_NO_PIC = NO;
				GCC_NO_COMMON_BLOCKS = YES;
				GCC_OPTIMIZATION_LEVEL = 0;
				GCC_PREPROCESSOR_DEFINITIONS = (
					"DEBUG=1",
					"$(inherited)",
				);
				GCC_WARN_64_TO_32_BIT_CONVERSION = YES;
				GCC_WARN_ABOUT_RETURN_TYPE = YES_ERROR;
				GCC_WARN_UNDECLARED_SELECTOR = YES;
				GCC_WARN_UNINITIALIZED_AUTOS = YES_AGGRESSIVE;
				GCC_WARN_UNUSED_FUNCTION = YES;
				GCC_WARN_UNUSED_VARIABLE = YES;
				IPHONEOS_DEPLOYMENT_TARGET = 15.4;
				MTL_ENABLE_DEBUG_INFO = INCLUDE_SOURCE;
				MTL_FAST_MATH = YES;
				ONLY_ACTIVE_ARCH = YES;
				SDKROOT = iphoneos;
				SWIFT_ACTIVE_COMPILATION_CONDITIONS = DEBUG;
				SWIFT_OPTIMIZATION_LEVEL = "-Onone";
			};
			name = Debug;
		};
		4C2424FE28EDFD4E00A07930 /* Release */ = {
			isa = XCBuildConfiguration;
			buildSettings = {
				ALWAYS_SEARCH_USER_PATHS = NO;
				CLANG_ANALYZER_NONNULL = YES;
				CLANG_ANALYZER_NUMBER_OBJECT_CONVERSION = YES_AGGRESSIVE;
				CLANG_CXX_LANGUAGE_STANDARD = "gnu++17";
				CLANG_ENABLE_MODULES = YES;
				CLANG_ENABLE_OBJC_ARC = YES;
				CLANG_ENABLE_OBJC_WEAK = YES;
				CLANG_WARN_BLOCK_CAPTURE_AUTORELEASING = YES;
				CLANG_WARN_BOOL_CONVERSION = YES;
				CLANG_WARN_COMMA = YES;
				CLANG_WARN_CONSTANT_CONVERSION = YES;
				CLANG_WARN_DEPRECATED_OBJC_IMPLEMENTATIONS = YES;
				CLANG_WARN_DIRECT_OBJC_ISA_USAGE = YES_ERROR;
				CLANG_WARN_DOCUMENTATION_COMMENTS = YES;
				CLANG_WARN_EMPTY_BODY = YES;
				CLANG_WARN_ENUM_CONVERSION = YES;
				CLANG_WARN_INFINITE_RECURSION = YES;
				CLANG_WARN_INT_CONVERSION = YES;
				CLANG_WARN_NON_LITERAL_NULL_CONVERSION = YES;
				CLANG_WARN_OBJC_IMPLICIT_RETAIN_SELF = YES;
				CLANG_WARN_OBJC_LITERAL_CONVERSION = YES;
				CLANG_WARN_OBJC_ROOT_CLASS = YES_ERROR;
				CLANG_WARN_QUOTED_INCLUDE_IN_FRAMEWORK_HEADER = YES;
				CLANG_WARN_RANGE_LOOP_ANALYSIS = YES;
				CLANG_WARN_STRICT_PROTOTYPES = YES;
				CLANG_WARN_SUSPICIOUS_MOVE = YES;
				CLANG_WARN_UNGUARDED_AVAILABILITY = YES_AGGRESSIVE;
				CLANG_WARN_UNREACHABLE_CODE = YES;
				CLANG_WARN__DUPLICATE_METHOD_MATCH = YES;
				COPY_PHASE_STRIP = NO;
				DEBUG_INFORMATION_FORMAT = "dwarf-with-dsym";
				ENABLE_NS_ASSERTIONS = NO;
				ENABLE_STRICT_OBJC_MSGSEND = YES;
				GCC_C_LANGUAGE_STANDARD = gnu11;
				GCC_NO_COMMON_BLOCKS = YES;
				GCC_WARN_64_TO_32_BIT_CONVERSION = YES;
				GCC_WARN_ABOUT_RETURN_TYPE = YES_ERROR;
				GCC_WARN_UNDECLARED_SELECTOR = YES;
				GCC_WARN_UNINITIALIZED_AUTOS = YES_AGGRESSIVE;
				GCC_WARN_UNUSED_FUNCTION = YES;
				GCC_WARN_UNUSED_VARIABLE = YES;
				IPHONEOS_DEPLOYMENT_TARGET = 15.4;
				MTL_ENABLE_DEBUG_INFO = NO;
				MTL_FAST_MATH = YES;
				SDKROOT = iphoneos;
				SWIFT_COMPILATION_MODE = wholemodule;
				SWIFT_OPTIMIZATION_LEVEL = "-O";
				VALIDATE_PRODUCT = YES;
			};
			name = Release;
		};
		4C24250028EDFD4E00A07930 /* Debug */ = {
			isa = XCBuildConfiguration;
			baseConfigurationReference = 85AA84BE567AED418D63C2F1 /* Pods-BudgetApp.debug.xcconfig */;
			buildSettings = {
				ASSETCATALOG_COMPILER_APPICON_NAME = AppIcon;
				ASSETCATALOG_COMPILER_GLOBAL_ACCENT_COLOR_NAME = AccentColor;
				CODE_SIGN_STYLE = Automatic;
				CURRENT_PROJECT_VERSION = 1;
				DEVELOPMENT_TEAM = HNWDLTMAYC;
				GENERATE_INFOPLIST_FILE = YES;
				INFOPLIST_FILE = BudgetApp/Info.plist;
				INFOPLIST_KEY_UIApplicationSupportsIndirectInputEvents = YES;
				INFOPLIST_KEY_UILaunchStoryboardName = LaunchScreen;
				INFOPLIST_KEY_UIMainStoryboardFile = Main;
				INFOPLIST_KEY_UISupportedInterfaceOrientations_iPad = "UIInterfaceOrientationPortrait UIInterfaceOrientationPortraitUpsideDown UIInterfaceOrientationLandscapeLeft UIInterfaceOrientationLandscapeRight";
				INFOPLIST_KEY_UISupportedInterfaceOrientations_iPhone = "UIInterfaceOrientationPortrait UIInterfaceOrientationLandscapeLeft UIInterfaceOrientationLandscapeRight";
				LD_RUNPATH_SEARCH_PATHS = (
					"$(inherited)",
					"@executable_path/Frameworks",
				);
				MARKETING_VERSION = 1.0;
				PRODUCT_BUNDLE_IDENTIFIER = com.nursaharii.BudgetApp;
				PRODUCT_NAME = "$(TARGET_NAME)";
				SWIFT_EMIT_LOC_STRINGS = YES;
				SWIFT_VERSION = 5.0;
				TARGETED_DEVICE_FAMILY = 1;
			};
			name = Debug;
		};
		4C24250128EDFD4E00A07930 /* Release */ = {
			isa = XCBuildConfiguration;
			baseConfigurationReference = 42F2E66DD6A0D583A78BF5CF /* Pods-BudgetApp.release.xcconfig */;
			buildSettings = {
				ASSETCATALOG_COMPILER_APPICON_NAME = AppIcon;
				ASSETCATALOG_COMPILER_GLOBAL_ACCENT_COLOR_NAME = AccentColor;
				CODE_SIGN_STYLE = Automatic;
				CURRENT_PROJECT_VERSION = 1;
				DEVELOPMENT_TEAM = HNWDLTMAYC;
				GENERATE_INFOPLIST_FILE = YES;
				INFOPLIST_FILE = BudgetApp/Info.plist;
				INFOPLIST_KEY_UIApplicationSupportsIndirectInputEvents = YES;
				INFOPLIST_KEY_UILaunchStoryboardName = LaunchScreen;
				INFOPLIST_KEY_UIMainStoryboardFile = Main;
				INFOPLIST_KEY_UISupportedInterfaceOrientations_iPad = "UIInterfaceOrientationPortrait UIInterfaceOrientationPortraitUpsideDown UIInterfaceOrientationLandscapeLeft UIInterfaceOrientationLandscapeRight";
				INFOPLIST_KEY_UISupportedInterfaceOrientations_iPhone = "UIInterfaceOrientationPortrait UIInterfaceOrientationLandscapeLeft UIInterfaceOrientationLandscapeRight";
				LD_RUNPATH_SEARCH_PATHS = (
					"$(inherited)",
					"@executable_path/Frameworks",
				);
				MARKETING_VERSION = 1.0;
				PRODUCT_BUNDLE_IDENTIFIER = com.nursaharii.BudgetApp;
				PRODUCT_NAME = "$(TARGET_NAME)";
				SWIFT_EMIT_LOC_STRINGS = YES;
				SWIFT_VERSION = 5.0;
				TARGETED_DEVICE_FAMILY = 1;
			};
			name = Release;
		};
/* End XCBuildConfiguration section */

/* Begin XCConfigurationList section */
		4C2424E628EDFD4D00A07930 /* Build configuration list for PBXProject "BudgetApp" */ = {
			isa = XCConfigurationList;
			buildConfigurations = (
				4C2424FD28EDFD4E00A07930 /* Debug */,
				4C2424FE28EDFD4E00A07930 /* Release */,
			);
			defaultConfigurationIsVisible = 0;
			defaultConfigurationName = Release;
		};
		4C2424FF28EDFD4E00A07930 /* Build configuration list for PBXNativeTarget "BudgetApp" */ = {
			isa = XCConfigurationList;
			buildConfigurations = (
				4C24250028EDFD4E00A07930 /* Debug */,
				4C24250128EDFD4E00A07930 /* Release */,
			);
			defaultConfigurationIsVisible = 0;
			defaultConfigurationName = Release;
		};
/* End XCConfigurationList section */
	};
	rootObject = 4C2424E328EDFD4D00A07930 /* Project object */;
}
